
Microsoft Visual Studio Solution File, Format Version 12.00
# Visual Studio 15
Project("{FAE04EC0-301F-11D3-BF4B-00C04F79EFBC}") = "Assembly-CSharp", "Assembly-CSharp.csproj", "{117814D0-47A2-037F-A776-D82AF8905C5C}"
EndProject
Project("{FAE04EC0-301F-11D3-BF4B-00C04F79EFBC}") = "Assembly-CSharp-Editor", "Assembly-CSharp-Editor.csproj", "{2FFDDEBF-D9D0-5B2B-D5A7-053C74AADB36}"
EndProject
Global
	GlobalSection(SolutionConfigurationPlatforms) = preSolution
		Debug|Any CPU = Debug|Any CPU
		Release|Any CPU = Release|Any CPU
	EndGlobalSection
	GlobalSection(ProjectConfigurationPlatforms) = postSolution
		{117814D0-47A2-037F-A776-D82AF8905C5C}.Debug|Any CPU.ActiveCfg = Debug|Any CPU
		{117814D0-47A2-037F-A776-D82AF8905C5C}.Debug|Any CPU.Build.0 = Debug|Any CPU
		{117814D0-47A2-037F-A776-D82AF8905C5C}.Release|Any CPU.ActiveCfg = Release|Any CPU
		{117814D0-47A2-037F-A776-D82AF8905C5C}.Release|Any CPU.Build.0 = Release|Any CPU
		{2FFDDEBF-D9D0-5B2B-D5A7-053C74AADB36}.Debug|Any CPU.ActiveCfg = Debug|Any CPU
		{2FFDDEBF-D9D0-5B2B-D5A7-053C74AADB36}.Debug|Any CPU.Build.0 = Debug|Any CPU
		{2FFDDEBF-D9D0-5B2B-D5A7-053C74AADB36}.Release|Any CPU.ActiveCfg = Release|Any CPU
		{2FFDDEBF-D9D0-5B2B-D5A7-053C74AADB36}.Release|Any CPU.Build.0 = Release|Any CPU
	EndGlobalSection
	GlobalSection(SolutionProperties) = preSolution
		HideSolutionNode = FALSE
	EndGlobalSection
EndGlobal
